// !$*UTF8*$!
{
	archiveVersion = 1;
	classes = {
	};
	objectVersion = 56;
	objects = {

/* Begin PBXBuildFile section */
		7709C0C029D4DDCE003125A1 /* AppDelegate.swift in Sources */ = {isa = PBXBuildFile; fileRef = 7709C0BF29D4DDCE003125A1 /* AppDelegate.swift */; };
		7709C0C229D4DDCE003125A1 /* SceneDelegate.swift in Sources */ = {isa = PBXBuildFile; fileRef = 7709C0C129D4DDCE003125A1 /* SceneDelegate.swift */; };
		7709C0C429D4DDCE003125A1 /* ViewController.swift in Sources */ = {isa = PBXBuildFile; fileRef = 7709C0C329D4DDCE003125A1 /* ViewController.swift */; };
		7709C0C729D4DDCE003125A1 /* Main.storyboard in Resources */ = {isa = PBXBuildFile; fileRef = 7709C0C529D4DDCE003125A1 /* Main.storyboard */; };
		7709C0C929D4DDD0003125A1 /* Assets.xcassets in Resources */ = {isa = PBXBuildFile; fileRef = 7709C0C829D4DDD0003125A1 /* Assets.xcassets */; };
		7709C0CC29D4DDD0003125A1 /* LaunchScreen.storyboard in Resources */ = {isa = PBXBuildFile; fileRef = 7709C0CA29D4DDD0003125A1 /* LaunchScreen.storyboard */; };
		7709C0D729D4DDD0003125A1 /* secondTests.swift in Sources */ = {isa = PBXBuildFile; fileRef = 7709C0D629D4DDD0003125A1 /* secondTests.swift */; };
		7709C0E129D4DDD0003125A1 /* secondUITests.swift in Sources */ = {isa = PBXBuildFile; fileRef = 7709C0E029D4DDD0003125A1 /* secondUITests.swift */; };
		7709C0E329D4DDD0003125A1 /* secondUITestsLaunchTests.swift in Sources */ = {isa = PBXBuildFile; fileRef = 7709C0E229D4DDD0003125A1 /* secondUITestsLaunchTests.swift */; };
		7709C0F029D4E10B003125A1 /* TableOneViewCell.swift in Sources */ = {isa = PBXBuildFile; fileRef = 7709C0EF29D4E10B003125A1 /* TableOneViewCell.swift */; };
		7709C0F929D747E5003125A1 /* DetailVC.storyboard in Resources */ = {isa = PBXBuildFile; fileRef = 7709C0F829D747E5003125A1 /* DetailVC.storyboard */; };
		7709C0FB29D74805003125A1 /* DetailVC.swift in Sources */ = {isa = PBXBuildFile; fileRef = 7709C0FA29D74805003125A1 /* DetailVC.swift */; };
		7709C0FE29D7481A003125A1 /* DetailVM.swift in Sources */ = {isa = PBXBuildFile; fileRef = 7709C0FD29D7481A003125A1 /* DetailVM.swift */; };
/* End PBXBuildFile section */

/* Begin PBXContainerItemProxy section */
		7709C0D329D4DDD0003125A1 /* PBXContainerItemProxy */ = {
			isa = PBXContainerItemProxy;
			containerPortal = 7709C0B429D4DDCE003125A1 /* Project object */;
			proxyType = 1;
			remoteGlobalIDString = 7709C0BB29D4DDCE003125A1;
			remoteInfo = second;
		};
		7709C0DD29D4DDD0003125A1 /* PBXContainerItemProxy */ = {
			isa = PBXContainerItemProxy;
			containerPortal = 7709C0B429D4DDCE003125A1 /* Project object */;
			proxyType = 1;
			remoteGlobalIDString = 7709C0BB29D4DDCE003125A1;
			remoteInfo = second;
		};
/* End PBXContainerItemProxy section */

/* Begin PBXFileReference section */
		7709C0BC29D4DDCE003125A1 /* second.app */ = {isa = PBXFileReference; explicitFileType = wrapper.application; includeInIndex = 0; path = second.app; sourceTree = BUILT_PRODUCTS_DIR; };
		7709C0BF29D4DDCE003125A1 /* AppDelegate.swift */ = {isa = PBXFileReference; lastKnownFileType = sourcecode.swift; path = AppDelegate.swift; sourceTree = "<group>"; };
		7709C0C129D4DDCE003125A1 /* SceneDelegate.swift */ = {isa = PBXFileReference; lastKnownFileType = sourcecode.swift; path = SceneDelegate.swift; sourceTree = "<group>"; };
		7709C0C329D4DDCE003125A1 /* ViewController.swift */ = {isa = PBXFileReference; lastKnownFileType = sourcecode.swift; path = ViewController.swift; sourceTree = "<group>"; };
		7709C0C629D4DDCE003125A1 /* Base */ = {isa = PBXFileReference; lastKnownFileType = file.storyboard; name = Base; path = Base.lproj/Main.storyboard; sourceTree = "<group>"; };
		7709C0C829D4DDD0003125A1 /* Assets.xcassets */ = {isa = PBXFileReference; lastKnownFileType = folder.assetcatalog; path = Assets.xcassets; sourceTree = "<group>"; };
		7709C0CB29D4DDD0003125A1 /* Base */ = {isa = PBXFileReference; lastKnownFileType = file.storyboard; name = Base; path = Base.lproj/LaunchScreen.storyboard; sourceTree = "<group>"; };
		7709C0CD29D4DDD0003125A1 /* Info.plist */ = {isa = PBXFileReference; lastKnownFileType = text.plist.xml; path = Info.plist; sourceTree = "<group>"; };
		7709C0D229D4DDD0003125A1 /* secondTests.xctest */ = {isa = PBXFileReference; explicitFileType = wrapper.cfbundle; includeInIndex = 0; path = secondTests.xctest; sourceTree = BUILT_PRODUCTS_DIR; };
		7709C0D629D4DDD0003125A1 /* secondTests.swift */ = {isa = PBXFileReference; lastKnownFileType = sourcecode.swift; path = secondTests.swift; sourceTree = "<group>"; };
		7709C0DC29D4DDD0003125A1 /* secondUITests.xctest */ = {isa = PBXFileReference; explicitFileType = wrapper.cfbundle; includeInIndex = 0; path = secondUITests.xctest; sourceTree = BUILT_PRODUCTS_DIR; };
		7709C0E029D4DDD0003125A1 /* secondUITests.swift */ = {isa = PBXFileReference; lastKnownFileType = sourcecode.swift; path = secondUITests.swift; sourceTree = "<group>"; };
		7709C0E229D4DDD0003125A1 /* secondUITestsLaunchTests.swift */ = {isa = PBXFileReference; lastKnownFileType = sourcecode.swift; path = secondUITestsLaunchTests.swift; sourceTree = "<group>"; };
		7709C0EF29D4E10B003125A1 /* TableOneViewCell.swift */ = {isa = PBXFileReference; lastKnownFileType = sourcecode.swift; path = TableOneViewCell.swift; sourceTree = "<group>"; };
		7709C0F829D747E5003125A1 /* DetailVC.storyboard */ = {isa = PBXFileReference; lastKnownFileType = file.storyboard; path = DetailVC.storyboard; sourceTree = "<group>"; };
		7709C0FA29D74805003125A1 /* DetailVC.swift */ = {isa = PBXFileReference; lastKnownFileType = sourcecode.swift; path = DetailVC.swift; sourceTree = "<group>"; };
		7709C0FD29D7481A003125A1 /* DetailVM.swift */ = {isa = PBXFileReference; lastKnownFileType = sourcecode.swift; path = DetailVM.swift; sourceTree = "<group>"; };
/* End PBXFileReference section */

/* Begin PBXFrameworksBuildPhase section */
		7709C0B929D4DDCE003125A1 /* Frameworks */ = {
			isa = PBXFrameworksBuildPhase;
			buildActionMask = 2147483647;
			files = (
			);
			runOnlyForDeploymentPostprocessing = 0;
		};
		7709C0CF29D4DDD0003125A1 /* Frameworks */ = {
			isa = PBXFrameworksBuildPhase;
			buildActionMask = 2147483647;
			files = (
			);
			runOnlyForDeploymentPostprocessing = 0;
		};
		7709C0D929D4DDD0003125A1 /* Frameworks */ = {
			isa = PBXFrameworksBuildPhase;
			buildActionMask = 2147483647;
			files = (
			);
			runOnlyForDeploymentPostprocessing = 0;
		};
/* End PBXFrameworksBuildPhase section */

/* Begin PBXGroup section */
		7709C0B329D4DDCE003125A1 = {
			isa = PBXGroup;
			children = (
				7709C0BE29D4DDCE003125A1 /* second */,
				7709C0D529D4DDD0003125A1 /* secondTests */,
				7709C0DF29D4DDD0003125A1 /* secondUITests */,
				7709C0BD29D4DDCE003125A1 /* Products */,
			);
			sourceTree = "<group>";
		};
		7709C0BD29D4DDCE003125A1 /* Products */ = {
			isa = PBXGroup;
			children = (
				7709C0BC29D4DDCE003125A1 /* second.app */,
				7709C0D229D4DDD0003125A1 /* secondTests.xctest */,
				7709C0DC29D4DDD0003125A1 /* secondUITests.xctest */,
			);
			name = Products;
			sourceTree = "<group>";
		};
		7709C0BE29D4DDCE003125A1 /* second */ = {
			isa = PBXGroup;
			children = (
				7709C0F529D747A4003125A1 /* Scenes */,
				7709C0F429D74798003125A1 /* Companent */,
				7709C0F329D74782003125A1 /* Recources */,
				7709C0F229D74770003125A1 /* AppDetail */,
				7709C0CD29D4DDD0003125A1 /* Info.plist */,
			);
			path = second;
			sourceTree = "<group>";
		};
		7709C0D529D4DDD0003125A1 /* secondTests */ = {
			isa = PBXGroup;
			children = (
				7709C0D629D4DDD0003125A1 /* secondTests.swift */,
			);
			path = secondTests;
			sourceTree = "<group>";
		};
		7709C0DF29D4DDD0003125A1 /* secondUITests */ = {
			isa = PBXGroup;
			children = (
				7709C0E029D4DDD0003125A1 /* secondUITests.swift */,
				7709C0E229D4DDD0003125A1 /* secondUITestsLaunchTests.swift */,
			);
			path = secondUITests;
			sourceTree = "<group>";
		};
		7709C0F229D74770003125A1 /* AppDetail */ = {
			isa = PBXGroup;
			children = (
				7709C0BF29D4DDCE003125A1 /* AppDelegate.swift */,
				7709C0C129D4DDCE003125A1 /* SceneDelegate.swift */,
				7709C0CA29D4DDD0003125A1 /* LaunchScreen.storyboard */,
			);
			path = AppDetail;
			sourceTree = "<group>";
		};
		7709C0F329D74782003125A1 /* Recources */ = {
			isa = PBXGroup;
			children = (
				7709C0C829D4DDD0003125A1 /* Assets.xcassets */,
			);
			path = Recources;
			sourceTree = "<group>";
		};
		7709C0F429D74798003125A1 /* Companent */ = {
			isa = PBXGroup;
			children = (
				7709C0EF29D4E10B003125A1 /* TableOneViewCell.swift */,
			);
			path = Companent;
			sourceTree = "<group>";
		};
		7709C0F529D747A4003125A1 /* Scenes */ = {
			isa = PBXGroup;
			children = (
				7709C0F729D747CE003125A1 /* Detail */,
				7709C0F629D747B1003125A1 /* Main */,
			);
			path = Scenes;
			sourceTree = "<group>";
		};
		7709C0F629D747B1003125A1 /* Main */ = {
			isa = PBXGroup;
			children = (
				7709C0C329D4DDCE003125A1 /* ViewController.swift */,
				7709C0C529D4DDCE003125A1 /* Main.storyboard */,
			);
			path = Main;
			sourceTree = "<group>";
		};
		7709C0F729D747CE003125A1 /* Detail */ = {
			isa = PBXGroup;
			children = (
				7709C0F829D747E5003125A1 /* DetailVC.storyboard */,
				7709C0FA29D74805003125A1 /* DetailVC.swift */,
				7709C0FD29D7481A003125A1 /* DetailVM.swift */,
			);
			path = Detail;
			sourceTree = "<group>";
		};
/* End PBXGroup section */

/* Begin PBXNativeTarget section */
		7709C0BB29D4DDCE003125A1 /* second */ = {
			isa = PBXNativeTarget;
			buildConfigurationList = 7709C0E629D4DDD0003125A1 /* Build configuration list for PBXNativeTarget "second" */;
			buildPhases = (
				7709C0B829D4DDCE003125A1 /* Sources */,
				7709C0B929D4DDCE003125A1 /* Frameworks */,
				7709C0BA29D4DDCE003125A1 /* Resources */,
			);
			buildRules = (
			);
			dependencies = (
			);
			name = second;
			productName = second;
			productReference = 7709C0BC29D4DDCE003125A1 /* second.app */;
			productType = "com.apple.product-type.application";
		};
		7709C0D129D4DDD0003125A1 /* secondTests */ = {
			isa = PBXNativeTarget;
			buildConfigurationList = 7709C0E929D4DDD0003125A1 /* Build configuration list for PBXNativeTarget "secondTests" */;
			buildPhases = (
				7709C0CE29D4DDD0003125A1 /* Sources */,
				7709C0CF29D4DDD0003125A1 /* Frameworks */,
				7709C0D029D4DDD0003125A1 /* Resources */,
			);
			buildRules = (
			);
			dependencies = (
				7709C0D429D4DDD0003125A1 /* PBXTargetDependency */,
			);
			name = secondTests;
			productName = secondTests;
			productReference = 7709C0D229D4DDD0003125A1 /* secondTests.xctest */;
			productType = "com.apple.product-type.bundle.unit-test";
		};
		7709C0DB29D4DDD0003125A1 /* secondUITests */ = {
			isa = PBXNativeTarget;
			buildConfigurationList = 7709C0EC29D4DDD0003125A1 /* Build configuration list for PBXNativeTarget "secondUITests" */;
			buildPhases = (
				7709C0D829D4DDD0003125A1 /* Sources */,
				7709C0D929D4DDD0003125A1 /* Frameworks */,
				7709C0DA29D4DDD0003125A1 /* Resources */,
			);
			buildRules = (
			);
			dependencies = (
				7709C0DE29D4DDD0003125A1 /* PBXTargetDependency */,
			);
			name = secondUITests;
			productName = secondUITests;
			productReference = 7709C0DC29D4DDD0003125A1 /* secondUITests.xctest */;
			productType = "com.apple.product-type.bundle.ui-testing";
		};
/* End PBXNativeTarget section */

/* Begin PBXProject section */
		7709C0B429D4DDCE003125A1 /* Project object */ = {
			isa = PBXProject;
			attributes = {
				BuildIndependentTargetsInParallel = 1;
				LastSwiftUpdateCheck = 1420;
				LastUpgradeCheck = 1420;
				TargetAttributes = {
					7709C0BB29D4DDCE003125A1 = {
						CreatedOnToolsVersion = 14.2;
					};
					7709C0D129D4DDD0003125A1 = {
						CreatedOnToolsVersion = 14.2;
						TestTargetID = 7709C0BB29D4DDCE003125A1;
					};
					7709C0DB29D4DDD0003125A1 = {
						CreatedOnToolsVersion = 14.2;
						TestTargetID = 7709C0BB29D4DDCE003125A1;
					};
				};
			};
			buildConfigurationList = 7709C0B729D4DDCE003125A1 /* Build configuration list for PBXProject "second" */;
			compatibilityVersion = "Xcode 14.0";
			developmentRegion = en;
			hasScannedForEncodings = 0;
			knownRegions = (
				en,
				Base,
			);
			mainGroup = 7709C0B329D4DDCE003125A1;
			productRefGroup = 7709C0BD29D4DDCE003125A1 /* Products */;
			projectDirPath = "";
			projectRoot = "";
			targets = (
				7709C0BB29D4DDCE003125A1 /* second */,
				7709C0D129D4DDD0003125A1 /* secondTests */,
				7709C0DB29D4DDD0003125A1 /* secondUITests */,
			);
		};
/* End PBXProject section */

/* Begin PBXResourcesBuildPhase section */
		7709C0BA29D4DDCE003125A1 /* Resources */ = {
			isa = PBXResourcesBuildPhase;
			buildActionMask = 2147483647;
			files = (
				7709C0CC29D4DDD0003125A1 /* LaunchScreen.storyboard in Resources */,
				7709C0C929D4DDD0003125A1 /* Assets.xcassets in Resources */,
				7709C0F929D747E5003125A1 /* DetailVC.storyboard in Resources */,
				7709C0C729D4DDCE003125A1 /* Main.storyboard in Resources */,
			);
			runOnlyForDeploymentPostprocessing = 0;
		};
		7709C0D029D4DDD0003125A1 /* Resources */ = {
			isa = PBXResourcesBuildPhase;
			buildActionMask = 2147483647;
			files = (
			);
			runOnlyForDeploymentPostprocessing = 0;
		};
		7709C0DA29D4DDD0003125A1 /* Resources */ = {
			isa = PBXResourcesBuildPhase;
			buildActionMask = 2147483647;
			files = (
			);
			runOnlyForDeploymentPostprocessing = 0;
		};
/* End PBXResourcesBuildPhase section */

/* Begin PBXSourcesBuildPhase section */
		7709C0B829D4DDCE003125A1 /* Sources */ = {
			isa = PBXSourcesBuildPhase;
			buildActionMask = 2147483647;
			files = (
				7709C0FB29D74805003125A1 /* DetailVC.swift in Sources */,
				7709C0FE29D7481A003125A1 /* DetailVM.swift in Sources */,
				7709C0C429D4DDCE003125A1 /* ViewController.swift in Sources */,
				7709C0F029D4E10B003125A1 /* TableOneViewCell.swift in Sources */,
				7709C0C029D4DDCE003125A1 /* AppDelegate.swift in Sources */,
				7709C0C229D4DDCE003125A1 /* SceneDelegate.swift in Sources */,
			);
			runOnlyForDeploymentPostprocessing = 0;
		};
		7709C0CE29D4DDD0003125A1 /* Sources */ = {
			isa = PBXSourcesBuildPhase;
			buildActionMask = 2147483647;
			files = (
				7709C0D729D4DDD0003125A1 /* secondTests.swift in Sources */,
			);
			runOnlyForDeploymentPostprocessing = 0;
		};
		7709C0D829D4DDD0003125A1 /* Sources */ = {
			isa = PBXSourcesBuildPhase;
			buildActionMask = 2147483647;
			files = (
				7709C0E329D4DDD0003125A1 /* secondUITestsLaunchTests.swift in Sources */,
				7709C0E129D4DDD0003125A1 /* secondUITests.swift in Sources */,
			);
			runOnlyForDeploymentPostprocessing = 0;
		};
/* End PBXSourcesBuildPhase section */

/* Begin PBXTargetDependency section */
		7709C0D429D4DDD0003125A1 /* PBXTargetDependency */ = {
			isa = PBXTargetDependency;
			target = 7709C0BB29D4DDCE003125A1 /* second */;
			targetProxy = 7709C0D329D4DDD0003125A1 /* PBXContainerItemProxy */;
		};
		7709C0DE29D4DDD0003125A1 /* PBXTargetDependency */ = {
			isa = PBXTargetDependency;
			target = 7709C0BB29D4DDCE003125A1 /* second */;
			targetProxy = 7709C0DD29D4DDD0003125A1 /* PBXContainerItemProxy */;
		};
/* End PBXTargetDependency section */

/* Begin PBXVariantGroup section */
		7709C0C529D4DDCE003125A1 /* Main.storyboard */ = {
			isa = PBXVariantGroup;
			children = (
				7709C0C629D4DDCE003125A1 /* Base */,
			);
			name = Main.storyboard;
			sourceTree = "<group>";
		};
		7709C0CA29D4DDD0003125A1 /* LaunchScreen.storyboard */ = {
			isa = PBXVariantGroup;
			children = (
				7709C0CB29D4DDD0003125A1 /* Base */,
			);
			name = LaunchScreen.storyboard;
			sourceTree = "<group>";
		};
/* End PBXVariantGroup section */

/* Begin XCBuildConfiguration section */
		7709C0E429D4DDD0003125A1 /* Debug */ = {
			isa = XCBuildConfiguration;
			buildSettings = {
				ALWAYS_SEARCH_USER_PATHS = NO;
				CLANG_ANALYZER_NONNULL = YES;
				CLANG_ANALYZER_NUMBER_OBJECT_CONVERSION = YES_AGGRESSIVE;
				CLANG_CXX_LANGUAGE_STANDARD = "gnu++20";
				CLANG_ENABLE_MODULES = YES;
				CLANG_ENABLE_OBJC_ARC = YES;
				CLANG_ENABLE_OBJC_WEAK = YES;
				CLANG_WARN_BLOCK_CAPTURE_AUTORELEASING = YES;
				CLANG_WARN_BOOL_CONVERSION = YES;
				CLANG_WARN_COMMA = YES;
				CLANG_WARN_CONSTANT_CONVERSION = YES;
				CLANG_WARN_DEPRECATED_OBJC_IMPLEMENTATIONS = YES;
				CLANG_WARN_DIRECT_OBJC_ISA_USAGE = YES_ERROR;
				CLANG_WARN_DOCUMENTATION_COMMENTS = YES;
				CLANG_WARN_EMPTY_BODY = YES;
				CLANG_WARN_ENUM_CONVERSION = YES;
				CLANG_WARN_INFINITE_RECURSION = YES;
				CLANG_WARN_INT_CONVERSION = YES;
				CLANG_WARN_NON_LITERAL_NULL_CONVERSION = YES;
				CLANG_WARN_OBJC_IMPLICIT_RETAIN_SELF = YES;
				CLANG_WARN_OBJC_LITERAL_CONVERSION = YES;
				CLANG_WARN_OBJC_ROOT_CLASS = YES_ERROR;
				CLANG_WARN_QUOTED_INCLUDE_IN_FRAMEWORK_HEADER = YES;
				CLANG_WARN_RANGE_LOOP_ANALYSIS = YES;
				CLANG_WARN_STRICT_PROTOTYPES = YES;
				CLANG_WARN_SUSPICIOUS_MOVE = YES;
				CLANG_WARN_UNGUARDED_AVAILABILITY = YES_AGGRESSIVE;
				CLANG_WARN_UNREACHABLE_CODE = YES;
				CLANG_WARN__DUPLICATE_METHOD_MATCH = YES;
				COPY_PHASE_STRIP = NO;
				DEBUG_INFORMATION_FORMAT = dwarf;
				ENABLE_STRICT_OBJC_MSGSEND = YES;
				ENABLE_TESTABILITY = YES;
				GCC_C_LANGUAGE_STANDARD = gnu11;
				GCC_DYNAMIC_NO_PIC = NO;
				GCC_NO_COMMON_BLOCKS = YES;
				GCC_OPTIMIZATION_LEVEL = 0;
				GCC_PREPROCESSOR_DEFINITIONS = (
					"DEBUG=1",
					"$(inherited)",
				);
				GCC_WARN_64_TO_32_BIT_CONVERSION = YES;
				GCC_WARN_ABOUT_RETURN_TYPE = YES_ERROR;
				GCC_WARN_UNDECLARED_SELECTOR = YES;
				GCC_WARN_UNINITIALIZED_AUTOS = YES_AGGRESSIVE;
				GCC_WARN_UNUSED_FUNCTION = YES;
				GCC_WARN_UNUSED_VARIABLE = YES;
				IPHONEOS_DEPLOYMENT_TARGET = 16.2;
				MTL_ENABLE_DEBUG_INFO = INCLUDE_SOURCE;
				MTL_FAST_MATH = YES;
				ONLY_ACTIVE_ARCH = YES;
				SDKROOT = iphoneos;
				SWIFT_ACTIVE_COMPILATION_CONDITIONS = DEBUG;
				SWIFT_OPTIMIZATION_LEVEL = "-Onone";
			};
			name = Debug;
		};
		7709C0E529D4DDD0003125A1 /* Release */ = {
			isa = XCBuildConfiguration;
			buildSettings = {
				ALWAYS_SEARCH_USER_PATHS = NO;
				CLANG_ANALYZER_NONNULL = YES;
				CLANG_ANALYZER_NUMBER_OBJECT_CONVERSION = YES_AGGRESSIVE;
				CLANG_CXX_LANGUAGE_STANDARD = "gnu++20";
				CLANG_ENABLE_MODULES = YES;
				CLANG_ENABLE_OBJC_ARC = YES;
				CLANG_ENABLE_OBJC_WEAK = YES;
				CLANG_WARN_BLOCK_CAPTURE_AUTORELEASING = YES;
				CLANG_WARN_BOOL_CONVERSION = YES;
				CLANG_WARN_COMMA = YES;
				CLANG_WARN_CONSTANT_CONVERSION = YES;
				CLANG_WARN_DEPRECATED_OBJC_IMPLEMENTATIONS = YES;
				CLANG_WARN_DIRECT_OBJC_ISA_USAGE = YES_ERROR;
				CLANG_WARN_DOCUMENTATION_COMMENTS = YES;
				CLANG_WARN_EMPTY_BODY = YES;
				CLANG_WARN_ENUM_CONVERSION = YES;
				CLANG_WARN_INFINITE_RECURSION = YES;
				CLANG_WARN_INT_CONVERSION = YES;
				CLANG_WARN_NON_LITERAL_NULL_CONVERSION = YES;
				CLANG_WARN_OBJC_IMPLICIT_RETAIN_SELF = YES;
				CLANG_WARN_OBJC_LITERAL_CONVERSION = YES;
				CLANG_WARN_OBJC_ROOT_CLASS = YES_ERROR;
				CLANG_WARN_QUOTED_INCLUDE_IN_FRAMEWORK_HEADER = YES;
				CLANG_WARN_RANGE_LOOP_ANALYSIS = YES;
				CLANG_WARN_STRICT_PROTOTYPES = YES;
				CLANG_WARN_SUSPICIOUS_MOVE = YES;
				CLANG_WARN_UNGUARDED_AVAILABILITY = YES_AGGRESSIVE;
				CLANG_WARN_UNREACHABLE_CODE = YES;
				CLANG_WARN__DUPLICATE_METHOD_MATCH = YES;
				COPY_PHASE_STRIP = NO;
				DEBUG_INFORMATION_FORMAT = "dwarf-with-dsym";
				ENABLE_NS_ASSERTIONS = NO;
				ENABLE_STRICT_OBJC_MSGSEND = YES;
				GCC_C_LANGUAGE_STANDARD = gnu11;
				GCC_NO_COMMON_BLOCKS = YES;
				GCC_WARN_64_TO_32_BIT_CONVERSION = YES;
				GCC_WARN_ABOUT_RETURN_TYPE = YES_ERROR;
				GCC_WARN_UNDECLARED_SELECTOR = YES;
				GCC_WARN_UNINITIALIZED_AUTOS = YES_AGGRESSIVE;
				GCC_WARN_UNUSED_FUNCTION = YES;
				GCC_WARN_UNUSED_VARIABLE = YES;
				IPHONEOS_DEPLOYMENT_TARGET = 16.2;
				MTL_ENABLE_DEBUG_INFO = NO;
				MTL_FAST_MATH = YES;
				SDKROOT = iphoneos;
				SWIFT_COMPILATION_MODE = wholemodule;
				SWIFT_OPTIMIZATION_LEVEL = "-O";
				VALIDATE_PRODUCT = YES;
			};
			name = Release;
		};
		7709C0E729D4DDD0003125A1 /* Debug */ = {
			isa = XCBuildConfiguration;
			buildSettings = {
				ASSETCATALOG_COMPILER_APPICON_NAME = AppIcon;
				ASSETCATALOG_COMPILER_GLOBAL_ACCENT_COLOR_NAME = AccentColor;
				CODE_SIGN_STYLE = Automatic;
				CURRENT_PROJECT_VERSION = 1;
				GENERATE_INFOPLIST_FILE = YES;
				INFOPLIST_FILE = second/Info.plist;
				INFOPLIST_KEY_UIApplicationSupportsIndirectInputEvents = YES;
				INFOPLIST_KEY_UILaunchStoryboardName = LaunchScreen;
				INFOPLIST_KEY_UIMainStoryboardFile = Main;
				INFOPLIST_KEY_UISupportedInterfaceOrientations_iPad = "UIInterfaceOrientationPortrait UIInterfaceOrientationPortraitUpsideDown UIInterfaceOrientationLandscapeLeft UIInterfaceOrientationLandscapeRight";
				INFOPLIST_KEY_UISupportedInterfaceOrientations_iPhone = "UIInterfaceOrientationPortrait UIInterfaceOrientationLandscapeLeft UIInterfaceOrientationLandscapeRight";
				LD_RUNPATH_SEARCH_PATHS = (
					"$(inherited)",
					"@executable_path/Frameworks",
				);
				MARKETING_VERSION = 1.0;
				PRODUCT_BUNDLE_IDENTIFIER = com.selenay.second;
				PRODUCT_NAME = "$(TARGET_NAME)";
				SWIFT_EMIT_LOC_STRINGS = YES;
				SWIFT_VERSION = 5.0;
				TARGETED_DEVICE_FAMILY = "1,2";
			};
			name = Debug;
		};
		7709C0E829D4DDD0003125A1 /* Release */ = {
			isa = XCBuildConfiguration;
			buildSettings = {
				ASSETCATALOG_COMPILER_APPICON_NAME = AppIcon;
				ASSETCATALOG_COMPILER_GLOBAL_ACCENT_COLOR_NAME = AccentColor;
				CODE_SIGN_STYLE = Automatic;
				CURRENT_PROJECT_VERSION = 1;
				GENERATE_INFOPLIST_FILE = YES;
				INFOPLIST_FILE = second/Info.plist;
				INFOPLIST_KEY_UIApplicationSupportsIndirectInputEvents = YES;
				INFOPLIST_KEY_UILaunchStoryboardName = LaunchScreen;
				INFOPLIST_KEY_UIMainStoryboardFile = Main;
				INFOPLIST_KEY_UISupportedInterfaceOrientations_iPad = "UIInterfaceOrientationPortrait UIInterfaceOrientationPortraitUpsideDown UIInterfaceOrientationLandscapeLeft UIInterfaceOrientationLandscapeRight";
				INFOPLIST_KEY_UISupportedInterfaceOrientations_iPhone = "UIInterfaceOrientationPortrait UIInterfaceOrientationLandscapeLeft UIInterfaceOrientationLandscapeRight";
				LD_RUNPATH_SEARCH_PATHS = (
					"$(inherited)",
					"@executable_path/Frameworks",
				);
				MARKETING_VERSION = 1.0;
				PRODUCT_BUNDLE_IDENTIFIER = com.selenay.second;
				PRODUCT_NAME = "$(TARGET_NAME)";
				SWIFT_EMIT_LOC_STRINGS = YES;
				SWIFT_VERSION = 5.0;
				TARGETED_DEVICE_FAMILY = "1,2";
			};
			name = Release;
		};
		7709C0EA29D4DDD0003125A1 /* Debug */ = {
			isa = XCBuildConfiguration;
			buildSettings = {
				ALWAYS_EMBED_SWIFT_STANDARD_LIBRARIES = YES;
				BUNDLE_LOADER = "$(TEST_HOST)";
				CODE_SIGN_STYLE = Automatic;
				CURRENT_PROJECT_VERSION = 1;
				GENERATE_INFOPLIST_FILE = YES;
				IPHONEOS_DEPLOYMENT_TARGET = 16.2;
				MARKETING_VERSION = 1.0;
				PRODUCT_BUNDLE_IDENTIFIER = com.selenay.secondTests;
				PRODUCT_NAME = "$(TARGET_NAME)";
				SWIFT_EMIT_LOC_STRINGS = NO;
				SWIFT_VERSION = 5.0;
				TARGETED_DEVICE_FAMILY = "1,2";
				TEST_HOST = "$(BUILT_PRODUCTS_DIR)/second.app/$(BUNDLE_EXECUTABLE_FOLDER_PATH)/second";
			};
			name = Debug;
		};
		7709C0EB29D4DDD0003125A1 /* Release */ = {
			isa = XCBuildConfiguration;
			buildSettings = {
				ALWAYS_EMBED_SWIFT_STANDARD_LIBRARIES = YES;
				BUNDLE_LOADER = "$(TEST_HOST)";
				CODE_SIGN_STYLE = Automatic;
				CURRENT_PROJECT_VERSION = 1;
				GENERATE_INFOPLIST_FILE = YES;
				IPHONEOS_DEPLOYMENT_TARGET = 16.2;
				MARKETING_VERSION = 1.0;
				PRODUCT_BUNDLE_IDENTIFIER = com.selenay.secondTests;
				PRODUCT_NAME = "$(TARGET_NAME)";
				SWIFT_EMIT_LOC_STRINGS = NO;
				SWIFT_VERSION = 5.0;
				TARGETED_DEVICE_FAMILY = "1,2";
				TEST_HOST = "$(BUILT_PRODUCTS_DIR)/second.app/$(BUNDLE_EXECUTABLE_FOLDER_PATH)/second";
			};
			name = Release;
		};
		7709C0ED29D4DDD0003125A1 /* Debug */ = {
			isa = XCBuildConfiguration;
			buildSettings = {
				ALWAYS_EMBED_SWIFT_STANDARD_LIBRARIES = YES;
				CODE_SIGN_STYLE = Automatic;
				CURRENT_PROJECT_VERSION = 1;
				GENERATE_INFOPLIST_FILE = YES;
				MARKETING_VERSION = 1.0;
				PRODUCT_BUNDLE_IDENTIFIER = com.selenay.secondUITests;
				PRODUCT_NAME = "$(TARGET_NAME)";
				SWIFT_EMIT_LOC_STRINGS = NO;
				SWIFT_VERSION = 5.0;
				TARGETED_DEVICE_FAMILY = "1,2";
				TEST_TARGET_NAME = second;
			};
			name = Debug;
		};
		7709C0EE29D4DDD0003125A1 /* Release */ = {
			isa = XCBuildConfiguration;
			buildSettings = {
				ALWAYS_EMBED_SWIFT_STANDARD_LIBRARIES = YES;
				CODE_SIGN_STYLE = Automatic;
				CURRENT_PROJECT_VERSION = 1;
				GENERATE_INFOPLIST_FILE = YES;
				MARKETING_VERSION = 1.0;
				PRODUCT_BUNDLE_IDENTIFIER = com.selenay.secondUITests;
				PRODUCT_NAME = "$(TARGET_NAME)";
				SWIFT_EMIT_LOC_STRINGS = NO;
				SWIFT_VERSION = 5.0;
				TARGETED_DEVICE_FAMILY = "1,2";
				TEST_TARGET_NAME = second;
			};
			name = Release;
		};
/* End XCBuildConfiguration section */

/* Begin XCConfigurationList section */
		7709C0B729D4DDCE003125A1 /* Build configuration list for PBXProject "second" */ = {
			isa = XCConfigurationList;
			buildConfigurations = (
				7709C0E429D4DDD0003125A1 /* Debug */,
				7709C0E529D4DDD0003125A1 /* Release */,
			);
			defaultConfigurationIsVisible = 0;
			defaultConfigurationName = Release;
		};
		7709C0E629D4DDD0003125A1 /* Build configuration list for PBXNativeTarget "second" */ = {
			isa = XCConfigurationList;
			buildConfigurations = (
				7709C0E729D4DDD0003125A1 /* Debug */,
				7709C0E829D4DDD0003125A1 /* Release */,
			);
			defaultConfigurationIsVisible = 0;
			defaultConfigurationName = Release;
		};
		7709C0E929D4DDD0003125A1 /* Build configuration list for PBXNativeTarget "secondTests" */ = {
			isa = XCConfigurationList;
			buildConfigurations = (
				7709C0EA29D4DDD0003125A1 /* Debug */,
				7709C0EB29D4DDD0003125A1 /* Release */,
			);
			defaultConfigurationIsVisible = 0;
			defaultConfigurationName = Release;
		};
		7709C0EC29D4DDD0003125A1 /* Build configuration list for PBXNativeTarget "secondUITests" */ = {
			isa = XCConfigurationList;
			buildConfigurations = (
				7709C0ED29D4DDD0003125A1 /* Debug */,
				7709C0EE29D4DDD0003125A1 /* Release */,
			);
			defaultConfigurationIsVisible = 0;
			defaultConfigurationName = Release;
		};
/* End XCConfigurationList section */
	};
	rootObject = 7709C0B429D4DDCE003125A1 /* Project object */;
}
